
Microsoft Visual Studio Solution File, Format Version 12.00
Project("{2150E333-8FDC-42A3-9474-1A3956D46DE8}") = "Services", "Services", "{18E64ED0-1559-47CE-B851-8E0971E85DBC}"
EndProject
Project("{2150E333-8FDC-42A3-9474-1A3956D46DE8}") = "Catalog", "Catalog", "{F15EAE38-A4D2-4DE4-ADC8-4340B7B63962}"
EndProject
Project("{FAE04EC0-301F-11D3-BF4B-00C04F79EFBC}") = "Catalog.API", "Services\Catalog\Catalog.API\Catalog.API.csproj", "{4508FE09-78B1-4B69-991C-C225FF9207E0}"
EndProject
Project("{2150E333-8FDC-42A3-9474-1A3956D46DE8}") = "Basket", "Basket", "{1909A4C5-5ED2-4A16-9BA0-50DB92770379}"
EndProject
Project("{FAE04EC0-301F-11D3-BF4B-00C04F79EFBC}") = "Basket.API", "Services\Basket\Basket.API\Basket.API.csproj", "{5C02118D-E753-4C95-863C-27F2D3D8191A}"
EndProject
Project("{2150E333-8FDC-42A3-9474-1A3956D46DE8}") = "Discount", "Discount", "{D38A3A96-33D9-4662-8963-C7990A325DD7}"
EndProject
Project("{FAE04EC0-301F-11D3-BF4B-00C04F79EFBC}") = "Discount.API", "Services\Discount\Discount.API\Discount.API.csproj", "{20934D7C-CE95-4759-8AFA-423229F4823E}"
EndProject
Project("{FAE04EC0-301F-11D3-BF4B-00C04F79EFBC}") = "Discount.Grpc", "Services\Discount\Discount.Grpc\Discount.Grpc.csproj", "{BCF65776-921B-4A2C-833F-49D78B9624A5}"
EndProject
Project("{2150E333-8FDC-42A3-9474-1A3956D46DE8}") = "Ordering", "Ordering", "{4CECF895-CFDD-4DFE-9853-13CCAC1561BD}"
EndProject
Project("{FAE04EC0-301F-11D3-BF4B-00C04F79EFBC}") = "Ordering.API", "Services\Ordering\Ordering.API\Ordering.API.csproj", "{A475262F-7459-44D0-9997-1D8DCA7F06D5}"
EndProject
Project("{FAE04EC0-301F-11D3-BF4B-00C04F79EFBC}") = "Ordering.Domain", "Services\Ordering\Ordering.Domain\Ordering.Domain.csproj", "{BF1E9273-54F6-4119-87BA-772158D93666}"
EndProject
Project("{FAE04EC0-301F-11D3-BF4B-00C04F79EFBC}") = "Ordering.Application", "Services\Ordering\Ordering.Application\Ordering.Application.csproj", "{6C0D0439-A03E-40CD-BF5B-C4B2E00E6B77}"
EndProject
Project("{FAE04EC0-301F-11D3-BF4B-00C04F79EFBC}") = "Ordering.Infrastructure", "Services\Ordering\Ordering.Infrastructure\Ordering.Infrastructure.csproj", "{35928857-1A41-4DA8-95F2-5E0A29A8C908}"
EndProject
Global
	GlobalSection(SolutionConfigurationPlatforms) = preSolution
		Debug|Any CPU = Debug|Any CPU
		Release|Any CPU = Release|Any CPU
	EndGlobalSection
	GlobalSection(NestedProjects) = preSolution
		{F15EAE38-A4D2-4DE4-ADC8-4340B7B63962} = {18E64ED0-1559-47CE-B851-8E0971E85DBC}
		{4508FE09-78B1-4B69-991C-C225FF9207E0} = {F15EAE38-A4D2-4DE4-ADC8-4340B7B63962}
		{1909A4C5-5ED2-4A16-9BA0-50DB92770379} = {18E64ED0-1559-47CE-B851-8E0971E85DBC}
		{5C02118D-E753-4C95-863C-27F2D3D8191A} = {1909A4C5-5ED2-4A16-9BA0-50DB92770379}
		{D38A3A96-33D9-4662-8963-C7990A325DD7} = {18E64ED0-1559-47CE-B851-8E0971E85DBC}
		{20934D7C-CE95-4759-8AFA-423229F4823E} = {D38A3A96-33D9-4662-8963-C7990A325DD7}
		{BCF65776-921B-4A2C-833F-49D78B9624A5} = {D38A3A96-33D9-4662-8963-C7990A325DD7}
		{4CECF895-CFDD-4DFE-9853-13CCAC1561BD} = {18E64ED0-1559-47CE-B851-8E0971E85DBC}
		{A475262F-7459-44D0-9997-1D8DCA7F06D5} = {4CECF895-CFDD-4DFE-9853-13CCAC1561BD}
		{BF1E9273-54F6-4119-87BA-772158D93666} = {4CECF895-CFDD-4DFE-9853-13CCAC1561BD}
		{6C0D0439-A03E-40CD-BF5B-C4B2E00E6B77} = {4CECF895-CFDD-4DFE-9853-13CCAC1561BD}
		{35928857-1A41-4DA8-95F2-5E0A29A8C908} = {4CECF895-CFDD-4DFE-9853-13CCAC1561BD}
	EndGlobalSection
	GlobalSection(ProjectConfigurationPlatforms) = postSolution
		{4508FE09-78B1-4B69-991C-C225FF9207E0}.Debug|Any CPU.ActiveCfg = Debug|Any CPU
		{4508FE09-78B1-4B69-991C-C225FF9207E0}.Debug|Any CPU.Build.0 = Debug|Any CPU
		{4508FE09-78B1-4B69-991C-C225FF9207E0}.Release|Any CPU.ActiveCfg = Release|Any CPU
		{4508FE09-78B1-4B69-991C-C225FF9207E0}.Release|Any CPU.Build.0 = Release|Any CPU
		{5C02118D-E753-4C95-863C-27F2D3D8191A}.Debug|Any CPU.ActiveCfg = Debug|Any CPU
		{5C02118D-E753-4C95-863C-27F2D3D8191A}.Debug|Any CPU.Build.0 = Debug|Any CPU
		{5C02118D-E753-4C95-863C-27F2D3D8191A}.Release|Any CPU.ActiveCfg = Release|Any CPU
		{5C02118D-E753-4C95-863C-27F2D3D8191A}.Release|Any CPU.Build.0 = Release|Any CPU
		{20934D7C-CE95-4759-8AFA-423229F4823E}.Debug|Any CPU.ActiveCfg = Debug|Any CPU
		{20934D7C-CE95-4759-8AFA-423229F4823E}.Debug|Any CPU.Build.0 = Debug|Any CPU
		{20934D7C-CE95-4759-8AFA-423229F4823E}.Release|Any CPU.ActiveCfg = Release|Any CPU
		{20934D7C-CE95-4759-8AFA-423229F4823E}.Release|Any CPU.Build.0 = Release|Any CPU
		{BCF65776-921B-4A2C-833F-49D78B9624A5}.Debug|Any CPU.ActiveCfg = Debug|Any CPU
		{BCF65776-921B-4A2C-833F-49D78B9624A5}.Debug|Any CPU.Build.0 = Debug|Any CPU
		{BCF65776-921B-4A2C-833F-49D78B9624A5}.Release|Any CPU.ActiveCfg = Release|Any CPU
		{BCF65776-921B-4A2C-833F-49D78B9624A5}.Release|Any CPU.Build.0 = Release|Any CPU
		{A475262F-7459-44D0-9997-1D8DCA7F06D5}.Debug|Any CPU.ActiveCfg = Debug|Any CPU
		{A475262F-7459-44D0-9997-1D8DCA7F06D5}.Debug|Any CPU.Build.0 = Debug|Any CPU
		{A475262F-7459-44D0-9997-1D8DCA7F06D5}.Release|Any CPU.ActiveCfg = Release|Any CPU
		{A475262F-7459-44D0-9997-1D8DCA7F06D5}.Release|Any CPU.Build.0 = Release|Any CPU
		{BF1E9273-54F6-4119-87BA-772158D93666}.Debug|Any CPU.ActiveCfg = Debug|Any CPU
		{BF1E9273-54F6-4119-87BA-772158D93666}.Debug|Any CPU.Build.0 = Debug|Any CPU
		{BF1E9273-54F6-4119-87BA-772158D93666}.Release|Any CPU.ActiveCfg = Release|Any CPU
		{BF1E9273-54F6-4119-87BA-772158D93666}.Release|Any CPU.Build.0 = Release|Any CPU
		{6C0D0439-A03E-40CD-BF5B-C4B2E00E6B77}.Debug|Any CPU.ActiveCfg = Debug|Any CPU
		{6C0D0439-A03E-40CD-BF5B-C4B2E00E6B77}.Debug|Any CPU.Build.0 = Debug|Any CPU
		{6C0D0439-A03E-40CD-BF5B-C4B2E00E6B77}.Release|Any CPU.ActiveCfg = Release|Any CPU
		{6C0D0439-A03E-40CD-BF5B-C4B2E00E6B77}.Release|Any CPU.Build.0 = Release|Any CPU
		{35928857-1A41-4DA8-95F2-5E0A29A8C908}.Debug|Any CPU.ActiveCfg = Debug|Any CPU
		{35928857-1A41-4DA8-95F2-5E0A29A8C908}.Debug|Any CPU.Build.0 = Debug|Any CPU
		{35928857-1A41-4DA8-95F2-5E0A29A8C908}.Release|Any CPU.ActiveCfg = Release|Any CPU
		{35928857-1A41-4DA8-95F2-5E0A29A8C908}.Release|Any CPU.Build.0 = Release|Any CPU
	EndGlobalSection
EndGlobal
